
Microsoft Visual Studio Solution File, Format Version 12.00
# Visual Studio Version 17
VisualStudioVersion = 17.7.34009.444
MinimumVisualStudioVersion = 10.0.40219.1
Project("{8BC9CEB8-8B4A-11D0-8D11-00A0C91BC942}") = "Text", "Text\Text.vcxproj", "{675979AA-BD70-46E3-B201-1D9D49FF5184}"
EndProject
Global
	GlobalSection(SolutionConfigurationPlatforms) = preSolution
		Debug|x64 = Debug|x64
		Debug|x86 = Debug|x86
		Release|x64 = Release|x64
		Release|x86 = Release|x86
	EndGlobalSection
	GlobalSection(ProjectConfigurationPlatforms) = postSolution
		{675979AA-BD70-46E3-B201-1D9D49FF5184}.Debug|x64.ActiveCfg = Debug|x64
		{675979AA-BD70-46E3-B201-1D9D49FF5184}.Debug|x64.Build.0 = Debug|x64
		{675979AA-BD70-46E3-B201-1D9D49FF5184}.Debug|x86.ActiveCfg = Debug|Win32
		{675979AA-BD70-46E3-B201-1D9D49FF5184}.Debug|x86.Build.0 = Debug|Win32
		{675979AA-BD70-46E3-B201-1D9D49FF5184}.Release|x64.ActiveCfg = Release|x64
		{675979AA-BD70-46E3-B201-1D9D49FF5184}.Release|x64.Build.0 = Release|x64
		{675979AA-BD70-46E3-B201-1D9D49FF5184}.Release|x86.ActiveCfg = Release|Win32
		{675979AA-BD70-46E3-B201-1D9D49FF5184}.Release|x86.Build.0 = Release|Win32
	EndGlobalSection
	GlobalSection(SolutionProperties) = preSolution
		HideSolutionNode = FALSE
	EndGlobalSection
	GlobalSection(ExtensibilityGlobals) = postSolution
		SolutionGuid = {37FFD97B-067B-4817-95AC-308CF31EB3F8}
	EndGlobalSection
EndGlobal
